// !$*UTF8*$!
{
	archiveVersion = 1;
	classes = {
	};
	objectVersion = 46;
	objects = {

/* Begin PBXBuildFile section */
		1A32470C1A9F83AA000763D1 /* main.m in Sources */ = {isa = PBXBuildFile; fileRef = 1A32470B1A9F83AA000763D1 /* main.m */; };
		1A32470F1A9F83AA000763D1 /* AppDelegate.m in Sources */ = {isa = PBXBuildFile; fileRef = 1A32470E1A9F83AA000763D1 /* AppDelegate.m */; };
		1A3247121A9F83AA000763D1 /* ViewController.m in Sources */ = {isa = PBXBuildFile; fileRef = 1A3247111A9F83AA000763D1 /* ViewController.m */; };
		1A3247151A9F83AA000763D1 /* Main.storyboard in Resources */ = {isa = PBXBuildFile; fileRef = 1A3247131A9F83AA000763D1 /* Main.storyboard */; };
		1A3247171A9F83AA000763D1 /* Images.xcassets in Resources */ = {isa = PBXBuildFile; fileRef = 1A3247161A9F83AA000763D1 /* Images.xcassets */; };
		1A32471A1A9F83AA000763D1 /* LaunchScreen.xib in Resources */ = {isa = PBXBuildFile; fileRef = 1A3247181A9F83AA000763D1 /* LaunchScreen.xib */; };
		1A3247261A9F83AA000763D1 /* FFCrimsonUnderscoreDemoTests.m in Sources */ = {isa = PBXBuildFile; fileRef = 1A3247251A9F83AA000763D1 /* FFCrimsonUnderscoreDemoTests.m */; };
		1A3247351A9F8405000763D1 /* FFValidationClient.m in Sources */ = {isa = PBXBuildFile; fileRef = 1A3247311A9F8405000763D1 /* FFValidationClient.m */; };
		1A3247361A9F8405000763D1 /* UIView+Decorations.m in Sources */ = {isa = PBXBuildFile; fileRef = 1A3247341A9F8405000763D1 /* UIView+Decorations.m */; };
/* End PBXBuildFile section */

/* Begin PBXContainerItemProxy section */
		1A3247201A9F83AA000763D1 /* PBXContainerItemProxy */ = {
			isa = PBXContainerItemProxy;
			containerPortal = 1A3246FE1A9F83A9000763D1 /* Project object */;
			proxyType = 1;
			remoteGlobalIDString = 1A3247051A9F83A9000763D1;
			remoteInfo = FFCrimsonUnderscoreDemo;
		};
/* End PBXContainerItemProxy section */

/* Begin PBXFileReference section */
		1A3247061A9F83AA000763D1 /* FFCrimsonUnderscoreDemo.app */ = {isa = PBXFileReference; explicitFileType = wrapper.application; includeInIndex = 0; path = FFCrimsonUnderscoreDemo.app; sourceTree = BUILT_PRODUCTS_DIR; };
		1A32470A1A9F83AA000763D1 /* Info.plist */ = {isa = PBXFileReference; lastKnownFileType = text.plist.xml; path = Info.plist; sourceTree = "<group>"; };
		1A32470B1A9F83AA000763D1 /* main.m */ = {isa = PBXFileReference; lastKnownFileType = sourcecode.c.objc; path = main.m; sourceTree = "<group>"; };
		1A32470D1A9F83AA000763D1 /* AppDelegate.h */ = {isa = PBXFileReference; lastKnownFileType = sourcecode.c.h; path = AppDelegate.h; sourceTree = "<group>"; };
		1A32470E1A9F83AA000763D1 /* AppDelegate.m */ = {isa = PBXFileReference; lastKnownFileType = sourcecode.c.objc; path = AppDelegate.m; sourceTree = "<group>"; };
		1A3247101A9F83AA000763D1 /* ViewController.h */ = {isa = PBXFileReference; lastKnownFileType = sourcecode.c.h; path = ViewController.h; sourceTree = "<group>"; };
		1A3247111A9F83AA000763D1 /* ViewController.m */ = {isa = PBXFileReference; lastKnownFileType = sourcecode.c.objc; path = ViewController.m; sourceTree = "<group>"; };
		1A3247141A9F83AA000763D1 /* Base */ = {isa = PBXFileReference; lastKnownFileType = file.storyboard; name = Base; path = Base.lproj/Main.storyboard; sourceTree = "<group>"; };
		1A3247161A9F83AA000763D1 /* Images.xcassets */ = {isa = PBXFileReference; lastKnownFileType = folder.assetcatalog; path = Images.xcassets; sourceTree = "<group>"; };
		1A3247191A9F83AA000763D1 /* Base */ = {isa = PBXFileReference; lastKnownFileType = file.xib; name = Base; path = Base.lproj/LaunchScreen.xib; sourceTree = "<group>"; };
		1A32471F1A9F83AA000763D1 /* FFCrimsonUnderscoreDemoTests.xctest */ = {isa = PBXFileReference; explicitFileType = wrapper.cfbundle; includeInIndex = 0; path = FFCrimsonUnderscoreDemoTests.xctest; sourceTree = BUILT_PRODUCTS_DIR; };
		1A3247241A9F83AA000763D1 /* Info.plist */ = {isa = PBXFileReference; lastKnownFileType = text.plist.xml; path = Info.plist; sourceTree = "<group>"; };
		1A3247251A9F83AA000763D1 /* FFCrimsonUnderscoreDemoTests.m */ = {isa = PBXFileReference; lastKnownFileType = sourcecode.c.objc; path = FFCrimsonUnderscoreDemoTests.m; sourceTree = "<group>"; };
		1A32472F1A9F8405000763D1 /* FFCrimsonUnderscore.h */ = {isa = PBXFileReference; fileEncoding = 4; lastKnownFileType = sourcecode.c.h; path = FFCrimsonUnderscore.h; sourceTree = "<group>"; };
		1A3247301A9F8405000763D1 /* FFValidationClient.h */ = {isa = PBXFileReference; fileEncoding = 4; lastKnownFileType = sourcecode.c.h; path = FFValidationClient.h; sourceTree = "<group>"; };
		1A3247311A9F8405000763D1 /* FFValidationClient.m */ = {isa = PBXFileReference; fileEncoding = 4; lastKnownFileType = sourcecode.c.objc; path = FFValidationClient.m; sourceTree = "<group>"; };
		1A3247321A9F8405000763D1 /* FFValidationClientDelegate.h */ = {isa = PBXFileReference; fileEncoding = 4; lastKnownFileType = sourcecode.c.h; path = FFValidationClientDelegate.h; sourceTree = "<group>"; };
		1A3247331A9F8405000763D1 /* UIView+Decorations.h */ = {isa = PBXFileReference; fileEncoding = 4; lastKnownFileType = sourcecode.c.h; path = "UIView+Decorations.h"; sourceTree = "<group>"; };
		1A3247341A9F8405000763D1 /* UIView+Decorations.m */ = {isa = PBXFileReference; fileEncoding = 4; lastKnownFileType = sourcecode.c.objc; path = "UIView+Decorations.m"; sourceTree = "<group>"; };
/* End PBXFileReference section */

/* Begin PBXFrameworksBuildPhase section */
		1A3247031A9F83A9000763D1 /* Frameworks */ = {
			isa = PBXFrameworksBuildPhase;
			buildActionMask = 2147483647;
			files = (
			);
			runOnlyForDeploymentPostprocessing = 0;
		};
		1A32471C1A9F83AA000763D1 /* Frameworks */ = {
			isa = PBXFrameworksBuildPhase;
			buildActionMask = 2147483647;
			files = (
			);
			runOnlyForDeploymentPostprocessing = 0;
		};
/* End PBXFrameworksBuildPhase section */

/* Begin PBXGroup section */
		1A3246FD1A9F83A9000763D1 = {
			isa = PBXGroup;
			children = (
				1A3247081A9F83AA000763D1 /* FFCrimsonUnderscoreDemo */,
				1A3247221A9F83AA000763D1 /* FFCrimsonUnderscoreDemoTests */,
				1A3247071A9F83AA000763D1 /* Products */,
			);
			sourceTree = "<group>";
		};
		1A3247071A9F83AA000763D1 /* Products */ = {
			isa = PBXGroup;
			children = (
				1A3247061A9F83AA000763D1 /* FFCrimsonUnderscoreDemo.app */,
				1A32471F1A9F83AA000763D1 /* FFCrimsonUnderscoreDemoTests.xctest */,
			);
			name = Products;
			sourceTree = "<group>";
		};
		1A3247081A9F83AA000763D1 /* FFCrimsonUnderscoreDemo */ = {
			isa = PBXGroup;
			children = (
				1A3247371A9F840B000763D1 /* FFCU */,
				1A32470D1A9F83AA000763D1 /* AppDelegate.h */,
				1A32470E1A9F83AA000763D1 /* AppDelegate.m */,
				1A3247101A9F83AA000763D1 /* ViewController.h */,
				1A3247111A9F83AA000763D1 /* ViewController.m */,
				1A3247131A9F83AA000763D1 /* Main.storyboard */,
				1A3247161A9F83AA000763D1 /* Images.xcassets */,
				1A3247181A9F83AA000763D1 /* LaunchScreen.xib */,
				1A3247091A9F83AA000763D1 /* Supporting Files */,
			);
			path = FFCrimsonUnderscoreDemo;
			sourceTree = "<group>";
		};
		1A3247091A9F83AA000763D1 /* Supporting Files */ = {
			isa = PBXGroup;
			children = (
				1A32470A1A9F83AA000763D1 /* Info.plist */,
				1A32470B1A9F83AA000763D1 /* main.m */,
			);
			name = "Supporting Files";
			sourceTree = "<group>";
		};
		1A3247221A9F83AA000763D1 /* FFCrimsonUnderscoreDemoTests */ = {
			isa = PBXGroup;
			children = (
				1A3247251A9F83AA000763D1 /* FFCrimsonUnderscoreDemoTests.m */,
				1A3247231A9F83AA000763D1 /* Supporting Files */,
			);
			path = FFCrimsonUnderscoreDemoTests;
			sourceTree = "<group>";
		};
		1A3247231A9F83AA000763D1 /* Supporting Files */ = {
			isa = PBXGroup;
			children = (
				1A3247241A9F83AA000763D1 /* Info.plist */,
			);
			name = "Supporting Files";
			sourceTree = "<group>";
		};
		1A3247371A9F840B000763D1 /* FFCU */ = {
			isa = PBXGroup;
			children = (
				1A32472F1A9F8405000763D1 /* FFCrimsonUnderscore.h */,
				1A3247301A9F8405000763D1 /* FFValidationClient.h */,
				1A3247311A9F8405000763D1 /* FFValidationClient.m */,
				1A3247321A9F8405000763D1 /* FFValidationClientDelegate.h */,
				1A3247331A9F8405000763D1 /* UIView+Decorations.h */,
				1A3247341A9F8405000763D1 /* UIView+Decorations.m */,
			);
			name = FFCU;
			sourceTree = "<group>";
		};
/* End PBXGroup section */

/* Begin PBXNativeTarget section */
		1A3247051A9F83A9000763D1 /* FFCrimsonUnderscoreDemo */ = {
			isa = PBXNativeTarget;
			buildConfigurationList = 1A3247291A9F83AA000763D1 /* Build configuration list for PBXNativeTarget "FFCrimsonUnderscoreDemo" */;
			buildPhases = (
				1A3247021A9F83A9000763D1 /* Sources */,
				1A3247031A9F83A9000763D1 /* Frameworks */,
				1A3247041A9F83A9000763D1 /* Resources */,
			);
			buildRules = (
			);
			dependencies = (
			);
			name = FFCrimsonUnderscoreDemo;
			productName = FFCrimsonUnderscoreDemo;
			productReference = 1A3247061A9F83AA000763D1 /* FFCrimsonUnderscoreDemo.app */;
			productType = "com.apple.product-type.application";
		};
		1A32471E1A9F83AA000763D1 /* FFCrimsonUnderscoreDemoTests */ = {
			isa = PBXNativeTarget;
			buildConfigurationList = 1A32472C1A9F83AA000763D1 /* Build configuration list for PBXNativeTarget "FFCrimsonUnderscoreDemoTests" */;
			buildPhases = (
				1A32471B1A9F83AA000763D1 /* Sources */,
				1A32471C1A9F83AA000763D1 /* Frameworks */,
				1A32471D1A9F83AA000763D1 /* Resources */,
			);
			buildRules = (
			);
			dependencies = (
				1A3247211A9F83AA000763D1 /* PBXTargetDependency */,
			);
			name = FFCrimsonUnderscoreDemoTests;
			productName = FFCrimsonUnderscoreDemoTests;
			productReference = 1A32471F1A9F83AA000763D1 /* FFCrimsonUnderscoreDemoTests.xctest */;
			productType = "com.apple.product-type.bundle.unit-test";
		};
/* End PBXNativeTarget section */

/* Begin PBXProject section */
		1A3246FE1A9F83A9000763D1 /* Project object */ = {
			isa = PBXProject;
			attributes = {
				LastUpgradeCheck = 0610;
				ORGANIZATIONNAME = "Find & Form";
				TargetAttributes = {
					1A3247051A9F83A9000763D1 = {
						CreatedOnToolsVersion = 6.1.1;
					};
					1A32471E1A9F83AA000763D1 = {
						CreatedOnToolsVersion = 6.1.1;
						TestTargetID = 1A3247051A9F83A9000763D1;
					};
				};
			};
			buildConfigurationList = 1A3247011A9F83A9000763D1 /* Build configuration list for PBXProject "FFCrimsonUnderscoreDemo" */;
			compatibilityVersion = "Xcode 3.2";
			developmentRegion = English;
			hasScannedForEncodings = 0;
			knownRegions = (
				en,
				Base,
			);
			mainGroup = 1A3246FD1A9F83A9000763D1;
			productRefGroup = 1A3247071A9F83AA000763D1 /* Products */;
			projectDirPath = "";
			projectRoot = "";
			targets = (
				1A3247051A9F83A9000763D1 /* FFCrimsonUnderscoreDemo */,
				1A32471E1A9F83AA000763D1 /* FFCrimsonUnderscoreDemoTests */,
			);
		};
/* End PBXProject section */

/* Begin PBXResourcesBuildPhase section */
		1A3247041A9F83A9000763D1 /* Resources */ = {
			isa = PBXResourcesBuildPhase;
			buildActionMask = 2147483647;
			files = (
				1A3247151A9F83AA000763D1 /* Main.storyboard in Resources */,
				1A32471A1A9F83AA000763D1 /* LaunchScreen.xib in Resources */,
				1A3247171A9F83AA000763D1 /* Images.xcassets in Resources */,
			);
			runOnlyForDeploymentPostprocessing = 0;
		};
		1A32471D1A9F83AA000763D1 /* Resources */ = {
			isa = PBXResourcesBuildPhase;
			buildActionMask = 2147483647;
			files = (
			);
			runOnlyForDeploymentPostprocessing = 0;
		};
/* End PBXResourcesBuildPhase section */

/* Begin PBXSourcesBuildPhase section */
		1A3247021A9F83A9000763D1 /* Sources */ = {
			isa = PBXSourcesBuildPhase;
			buildActionMask = 2147483647;
			files = (
				1A3247121A9F83AA000763D1 /* ViewController.m in Sources */,
				1A3247361A9F8405000763D1 /* UIView+Decorations.m in Sources */,
				1A3247351A9F8405000763D1 /* FFValidationClient.m in Sources */,
				1A32470F1A9F83AA000763D1 /* AppDelegate.m in Sources */,
				1A32470C1A9F83AA000763D1 /* main.m in Sources */,
			);
			runOnlyForDeploymentPostprocessing = 0;
		};
		1A32471B1A9F83AA000763D1 /* Sources */ = {
			isa = PBXSourcesBuildPhase;
			buildActionMask = 2147483647;
			files = (
				1A3247261A9F83AA000763D1 /* FFCrimsonUnderscoreDemoTests.m in Sources */,
			);
			runOnlyForDeploymentPostprocessing = 0;
		};
/* End PBXSourcesBuildPhase section */

/* Begin PBXTargetDependency section */
		1A3247211A9F83AA000763D1 /* PBXTargetDependency */ = {
			isa = PBXTargetDependency;
			target = 1A3247051A9F83A9000763D1 /* FFCrimsonUnderscoreDemo */;
			targetProxy = 1A3247201A9F83AA000763D1 /* PBXContainerItemProxy */;
		};
/* End PBXTargetDependency section */

/* Begin PBXVariantGroup section */
		1A3247131A9F83AA000763D1 /* Main.storyboard */ = {
			isa = PBXVariantGroup;
			children = (
				1A3247141A9F83AA000763D1 /* Base */,
			);
			name = Main.storyboard;
			sourceTree = "<group>";
		};
		1A3247181A9F83AA000763D1 /* LaunchScreen.xib */ = {
			isa = PBXVariantGroup;
			children = (
				1A3247191A9F83AA000763D1 /* Base */,
			);
			name = LaunchScreen.xib;
			sourceTree = "<group>";
		};
/* End PBXVariantGroup section */

/* Begin XCBuildConfiguration section */
		1A3247271A9F83AA000763D1 /* Debug */ = {
			isa = XCBuildConfiguration;
			buildSettings = {
				ALWAYS_SEARCH_USER_PATHS = NO;
				CLANG_CXX_LANGUAGE_STANDARD = "gnu++0x";
				CLANG_CXX_LIBRARY = "libc++";
				CLANG_ENABLE_MODULES = YES;
				CLANG_ENABLE_OBJC_ARC = YES;
				CLANG_WARN_BOOL_CONVERSION = YES;
				CLANG_WARN_CONSTANT_CONVERSION = YES;
				CLANG_WARN_DIRECT_OBJC_ISA_USAGE = YES_ERROR;
				CLANG_WARN_EMPTY_BODY = YES;
				CLANG_WARN_ENUM_CONVERSION = YES;
				CLANG_WARN_INT_CONVERSION = YES;
				CLANG_WARN_OBJC_ROOT_CLASS = YES_ERROR;
				CLANG_WARN_UNREACHABLE_CODE = YES;
				CLANG_WARN__DUPLICATE_METHOD_MATCH = YES;
				"CODE_SIGN_IDENTITY[sdk=iphoneos*]" = "iPhone Developer";
				COPY_PHASE_STRIP = NO;
				ENABLE_STRICT_OBJC_MSGSEND = YES;
				GCC_C_LANGUAGE_STANDARD = gnu99;
				GCC_DYNAMIC_NO_PIC = NO;
				GCC_OPTIMIZATION_LEVEL = 0;
				GCC_PREPROCESSOR_DEFINITIONS = (
					"DEBUG=1",
					"$(inherited)",
				);
				GCC_SYMBOLS_PRIVATE_EXTERN = NO;
				GCC_WARN_64_TO_32_BIT_CONVERSION = YES;
				GCC_WARN_ABOUT_RETURN_TYPE = YES_ERROR;
				GCC_WARN_UNDECLARED_SELECTOR = YES;
				GCC_WARN_UNINITIALIZED_AUTOS = YES_AGGRESSIVE;
				GCC_WARN_UNUSED_FUNCTION = YES;
				GCC_WARN_UNUSED_VARIABLE = YES;
				IPHONEOS_DEPLOYMENT_TARGET = 8.1;
				MTL_ENABLE_DEBUG_INFO = YES;
				ONLY_ACTIVE_ARCH = YES;
				SDKROOT = iphoneos;
			};
			name = Debug;
		};
		1A3247281A9F83AA000763D1 /* Release */ = {
			isa = XCBuildConfiguration;
			buildSettings = {
				ALWAYS_SEARCH_USER_PATHS = NO;
				CLANG_CXX_LANGUAGE_STANDARD = "gnu++0x";
				CLANG_CXX_LIBRARY = "libc++";
				CLANG_ENABLE_MODULES = YES;
				CLANG_ENABLE_OBJC_ARC = YES;
				CLANG_WARN_BOOL_CONVERSION = YES;
				CLANG_WARN_CONSTANT_CONVERSION = YES;
				CLANG_WARN_DIRECT_OBJC_ISA_USAGE = YES_ERROR;
				CLANG_WARN_EMPTY_BODY = YES;
				CLANG_WARN_ENUM_CONVERSION = YES;
				CLANG_WARN_INT_CONVERSION = YES;
				CLANG_WARN_OBJC_ROOT_CLASS = YES_ERROR;
				CLANG_WARN_UNREACHABLE_CODE = YES;
				CLANG_WARN__DUPLICATE_METHOD_MATCH = YES;
				"CODE_SIGN_IDENTITY[sdk=iphoneos*]" = "iPhone Developer";
				COPY_PHASE_STRIP = YES;
				ENABLE_NS_ASSERTIONS = NO;
				ENABLE_STRICT_OBJC_MSGSEND = YES;
				GCC_C_LANGUAGE_STANDARD = gnu99;
				GCC_WARN_64_TO_32_BIT_CONVERSION = YES;
				GCC_WARN_ABOUT_RETURN_TYPE = YES_ERROR;
				GCC_WARN_UNDECLARED_SELECTOR = YES;
				GCC_WARN_UNINITIALIZED_AUTOS = YES_AGGRESSIVE;
				GCC_WARN_UNUSED_FUNCTION = YES;
				GCC_WARN_UNUSED_VARIABLE = YES;
				IPHONEOS_DEPLOYMENT_TARGET = 8.1;
				MTL_ENABLE_DEBUG_INFO = NO;
				SDKROOT = iphoneos;
				VALIDATE_PRODUCT = YES;
			};
			name = Release;
		};
		1A32472A1A9F83AA000763D1 /* Debug */ = {
			isa = XCBuildConfiguration;
			buildSettings = {
				ASSETCATALOG_COMPILER_APPICON_NAME = AppIcon;
				INFOPLIST_FILE = FFCrimsonUnderscoreDemo/Info.plist;
				LD_RUNPATH_SEARCH_PATHS = "$(inherited) @executable_path/Frameworks";
				PRODUCT_NAME = "$(TARGET_NAME)";
			};
			name = Debug;
		};
		1A32472B1A9F83AA000763D1 /* Release */ = {
			isa = XCBuildConfiguration;
			buildSettings = {
				ASSETCATALOG_COMPILER_APPICON_NAME = AppIcon;
				INFOPLIST_FILE = FFCrimsonUnderscoreDemo/Info.plist;
				LD_RUNPATH_SEARCH_PATHS = "$(inherited) @executable_path/Frameworks";
				PRODUCT_NAME = "$(TARGET_NAME)";
			};
			name = Release;
		};
		1A32472D1A9F83AA000763D1 /* Debug */ = {
			isa = XCBuildConfiguration;
			buildSettings = {
				BUNDLE_LOADER = "$(TEST_HOST)";
				FRAMEWORK_SEARCH_PATHS = (
					"$(SDKROOT)/Developer/Library/Frameworks",
					"$(inherited)",
				);
				GCC_PREPROCESSOR_DEFINITIONS = (
					"DEBUG=1",
					"$(inherited)",
				);
				INFOPLIST_FILE = FFCrimsonUnderscoreDemoTests/Info.plist;
				LD_RUNPATH_SEARCH_PATHS = "$(inherited) @executable_path/Frameworks @loader_path/Frameworks";
				PRODUCT_NAME = "$(TARGET_NAME)";
				TEST_HOST = "$(BUILT_PRODUCTS_DIR)/FFCrimsonUnderscoreDemo.app/FFCrimsonUnderscoreDemo";
			};
			name = Debug;
		};
		1A32472E1A9F83AA000763D1 /* Release */ = {
			isa = XCBuildConfiguration;
			buildSettings = {
				BUNDLE_LOADER = "$(TEST_HOST)";
				FRAMEWORK_SEARCH_PATHS = (
					"$(SDKROOT)/Developer/Library/Frameworks",
					"$(inherited)",
				);
				INFOPLIST_FILE = FFCrimsonUnderscoreDemoTests/Info.plist;
				LD_RUNPATH_SEARCH_PATHS = "$(inherited) @executable_path/Frameworks @loader_path/Frameworks";
				PRODUCT_NAME = "$(TARGET_NAME)";
				TEST_HOST = "$(BUILT_PRODUCTS_DIR)/FFCrimsonUnderscoreDemo.app/FFCrimsonUnderscoreDemo";
			};
			name = Release;
		};
/* End XCBuildConfiguration section */

/* Begin XCConfigurationList section */
		1A3247011A9F83A9000763D1 /* Build configuration list for PBXProject "FFCrimsonUnderscoreDemo" */ = {
			isa = XCConfigurationList;
			buildConfigurations = (
				1A3247271A9F83AA000763D1 /* Debug */,
				1A3247281A9F83AA000763D1 /* Release */,
			);
			defaultConfigurationIsVisible = 0;
			defaultConfigurationName = Release;
		};
		1A3247291A9F83AA000763D1 /* Build configuration list for PBXNativeTarget "FFCrimsonUnderscoreDemo" */ = {
			isa = XCConfigurationList;
			buildConfigurations = (
				1A32472A1A9F83AA000763D1 /* Debug */,
				1A32472B1A9F83AA000763D1 /* Release */,
			);
			defaultConfigurationIsVisible = 0;
		};
		1A32472C1A9F83AA000763D1 /* Build configuration list for PBXNativeTarget "FFCrimsonUnderscoreDemoTests" */ = {
			isa = XCConfigurationList;
			buildConfigurations = (
				1A32472D1A9F83AA000763D1 /* Debug */,
				1A32472E1A9F83AA000763D1 /* Release */,
			);
			defaultConfigurationIsVisible = 0;
		};
/* End XCConfigurationList section */
	};
	rootObject = 1A3246FE1A9F83A9000763D1 /* Project object */;
}
