// !$*UTF8*$!
{
	archiveVersion = 1;
	classes = {
	};
	objectVersion = 46;
	objects = {

/* Begin PBXBuildFile section */
		69C893661A97C5DB0060D308 /* main.m in Sources */ = {isa = PBXBuildFile; fileRef = 69C893651A97C5DB0060D308 /* main.m */; };
		69C893691A97C5DB0060D308 /* AppDelegate.m in Sources */ = {isa = PBXBuildFile; fileRef = 69C893681A97C5DB0060D308 /* AppDelegate.m */; };
		69C893711A97C5DB0060D308 /* Images.xcassets in Resources */ = {isa = PBXBuildFile; fileRef = 69C893701A97C5DB0060D308 /* Images.xcassets */; };
		69C893741A97C5DB0060D308 /* LaunchScreen.xib in Resources */ = {isa = PBXBuildFile; fileRef = 69C893721A97C5DB0060D308 /* LaunchScreen.xib */; };
		69C893801A97C5DB0060D308 /* FFCrimsonUnderscore_DemoTests.m in Sources */ = {isa = PBXBuildFile; fileRef = 69C8937F1A97C5DB0060D308 /* FFCrimsonUnderscore_DemoTests.m */; };
		69C8938E1A97C6120060D308 /* LaunchViewController.m in Sources */ = {isa = PBXBuildFile; fileRef = 69C8938C1A97C6120060D308 /* LaunchViewController.m */; };
		69C8938F1A97C6120060D308 /* LaunchViewController.xib in Resources */ = {isa = PBXBuildFile; fileRef = 69C8938D1A97C6120060D308 /* LaunchViewController.xib */; };
		69C893A11A97C9280060D308 /* FFValidationClient.m in Sources */ = {isa = PBXBuildFile; fileRef = 69C8939D1A97C9280060D308 /* FFValidationClient.m */; };
		69C893A21A97C9280060D308 /* UIView+Decorations.m in Sources */ = {isa = PBXBuildFile; fileRef = 69C893A01A97C9280060D308 /* UIView+Decorations.m */; };
/* End PBXBuildFile section */

/* Begin PBXContainerItemProxy section */
		69C8937A1A97C5DB0060D308 /* PBXContainerItemProxy */ = {
			isa = PBXContainerItemProxy;
			containerPortal = 69C893581A97C5DB0060D308 /* Project object */;
			proxyType = 1;
			remoteGlobalIDString = 69C8935F1A97C5DB0060D308;
			remoteInfo = "FFCrimsonUnderscore Demo";
		};
/* End PBXContainerItemProxy section */

/* Begin PBXFileReference section */
		69C893601A97C5DB0060D308 /* FFCrimsonUnderscoreDemo.app */ = {isa = PBXFileReference; explicitFileType = wrapper.application; includeInIndex = 0; path = FFCrimsonUnderscoreDemo.app; sourceTree = BUILT_PRODUCTS_DIR; };
		69C893641A97C5DB0060D308 /* Info.plist */ = {isa = PBXFileReference; lastKnownFileType = text.plist.xml; path = Info.plist; sourceTree = "<group>"; };
		69C893651A97C5DB0060D308 /* main.m */ = {isa = PBXFileReference; lastKnownFileType = sourcecode.c.objc; path = main.m; sourceTree = "<group>"; };
		69C893671A97C5DB0060D308 /* AppDelegate.h */ = {isa = PBXFileReference; lastKnownFileType = sourcecode.c.h; path = AppDelegate.h; sourceTree = "<group>"; };
		69C893681A97C5DB0060D308 /* AppDelegate.m */ = {isa = PBXFileReference; lastKnownFileType = sourcecode.c.objc; path = AppDelegate.m; sourceTree = "<group>"; };
		69C893701A97C5DB0060D308 /* Images.xcassets */ = {isa = PBXFileReference; lastKnownFileType = folder.assetcatalog; path = Images.xcassets; sourceTree = "<group>"; };
		69C893731A97C5DB0060D308 /* Base */ = {isa = PBXFileReference; lastKnownFileType = file.xib; name = Base; path = Base.lproj/LaunchScreen.xib; sourceTree = "<group>"; };
		69C893791A97C5DB0060D308 /* FFCrimsonUnderscoreDemoTests.xctest */ = {isa = PBXFileReference; explicitFileType = wrapper.cfbundle; includeInIndex = 0; path = FFCrimsonUnderscoreDemoTests.xctest; sourceTree = BUILT_PRODUCTS_DIR; };
		69C8937E1A97C5DB0060D308 /* Info.plist */ = {isa = PBXFileReference; lastKnownFileType = text.plist.xml; path = Info.plist; sourceTree = "<group>"; };
		69C8937F1A97C5DB0060D308 /* FFCrimsonUnderscore_DemoTests.m */ = {isa = PBXFileReference; lastKnownFileType = sourcecode.c.objc; path = FFCrimsonUnderscore_DemoTests.m; sourceTree = "<group>"; };
		69C8938B1A97C6120060D308 /* LaunchViewController.h */ = {isa = PBXFileReference; fileEncoding = 4; lastKnownFileType = sourcecode.c.h; path = LaunchViewController.h; sourceTree = "<group>"; };
		69C8938C1A97C6120060D308 /* LaunchViewController.m */ = {isa = PBXFileReference; fileEncoding = 4; lastKnownFileType = sourcecode.c.objc; path = LaunchViewController.m; sourceTree = "<group>"; };
		69C8938D1A97C6120060D308 /* LaunchViewController.xib */ = {isa = PBXFileReference; fileEncoding = 4; lastKnownFileType = file.xib; path = LaunchViewController.xib; sourceTree = "<group>"; };
		69C8939C1A97C9280060D308 /* FFValidationClient.h */ = {isa = PBXFileReference; fileEncoding = 4; lastKnownFileType = sourcecode.c.h; path = FFValidationClient.h; sourceTree = "<group>"; };
		69C8939D1A97C9280060D308 /* FFValidationClient.m */ = {isa = PBXFileReference; fileEncoding = 4; lastKnownFileType = sourcecode.c.objc; path = FFValidationClient.m; sourceTree = "<group>"; };
		69C8939E1A97C9280060D308 /* FFValidationClientDelegate.h */ = {isa = PBXFileReference; fileEncoding = 4; lastKnownFileType = sourcecode.c.h; path = FFValidationClientDelegate.h; sourceTree = "<group>"; };
		69C8939F1A97C9280060D308 /* UIView+Decorations.h */ = {isa = PBXFileReference; fileEncoding = 4; lastKnownFileType = sourcecode.c.h; path = "UIView+Decorations.h"; sourceTree = "<group>"; };
		69C893A01A97C9280060D308 /* UIView+Decorations.m */ = {isa = PBXFileReference; fileEncoding = 4; lastKnownFileType = sourcecode.c.objc; path = "UIView+Decorations.m"; sourceTree = "<group>"; };
		69C893A31A97CEE50060D308 /* FFCrimsonUnderscore.h */ = {isa = PBXFileReference; lastKnownFileType = sourcecode.c.h; path = FFCrimsonUnderscore.h; sourceTree = "<group>"; };
/* End PBXFileReference section */

/* Begin PBXFrameworksBuildPhase section */
		69C8935D1A97C5DB0060D308 /* Frameworks */ = {
			isa = PBXFrameworksBuildPhase;
			buildActionMask = 2147483647;
			files = (
			);
			runOnlyForDeploymentPostprocessing = 0;
		};
		69C893761A97C5DB0060D308 /* Frameworks */ = {
			isa = PBXFrameworksBuildPhase;
			buildActionMask = 2147483647;
			files = (
			);
			runOnlyForDeploymentPostprocessing = 0;
		};
/* End PBXFrameworksBuildPhase section */

/* Begin PBXGroup section */
		69C893571A97C5DB0060D308 = {
			isa = PBXGroup;
			children = (
				69C893621A97C5DB0060D308 /* FFCrimsonUnderscore Demo */,
				69C8937C1A97C5DB0060D308 /* FFCrimsonUnderscore DemoTests */,
				69C893611A97C5DB0060D308 /* Products */,
			);
			sourceTree = "<group>";
		};
		69C893611A97C5DB0060D308 /* Products */ = {
			isa = PBXGroup;
			children = (
				69C893601A97C5DB0060D308 /* FFCrimsonUnderscoreDemo.app */,
				69C893791A97C5DB0060D308 /* FFCrimsonUnderscoreDemoTests.xctest */,
			);
			name = Products;
			sourceTree = "<group>";
		};
		69C893621A97C5DB0060D308 /* FFCrimsonUnderscore Demo */ = {
			isa = PBXGroup;
			children = (
				69C893901A97C8580060D308 /* Libraries */,
				69C893891A97C6040060D308 /* ViewControllers */,
				69C893671A97C5DB0060D308 /* AppDelegate.h */,
				69C893681A97C5DB0060D308 /* AppDelegate.m */,
				69C893701A97C5DB0060D308 /* Images.xcassets */,
				69C893721A97C5DB0060D308 /* LaunchScreen.xib */,
				69C893631A97C5DB0060D308 /* Supporting Files */,
			);
			path = "FFCrimsonUnderscore Demo";
			sourceTree = "<group>";
		};
		69C893631A97C5DB0060D308 /* Supporting Files */ = {
			isa = PBXGroup;
			children = (
				69C893641A97C5DB0060D308 /* Info.plist */,
				69C893651A97C5DB0060D308 /* main.m */,
			);
			name = "Supporting Files";
			sourceTree = "<group>";
		};
		69C8937C1A97C5DB0060D308 /* FFCrimsonUnderscore DemoTests */ = {
			isa = PBXGroup;
			children = (
				69C8937F1A97C5DB0060D308 /* FFCrimsonUnderscore_DemoTests.m */,
				69C8937D1A97C5DB0060D308 /* Supporting Files */,
			);
			path = "FFCrimsonUnderscore DemoTests";
			sourceTree = "<group>";
		};
		69C8937D1A97C5DB0060D308 /* Supporting Files */ = {
			isa = PBXGroup;
			children = (
				69C8937E1A97C5DB0060D308 /* Info.plist */,
			);
			name = "Supporting Files";
			sourceTree = "<group>";
		};
		69C893891A97C6040060D308 /* ViewControllers */ = {
			isa = PBXGroup;
			children = (
				69C8938A1A97C6040060D308 /* Launch */,
			);
			path = ViewControllers;
			sourceTree = "<group>";
		};
		69C8938A1A97C6040060D308 /* Launch */ = {
			isa = PBXGroup;
			children = (
				69C8938B1A97C6120060D308 /* LaunchViewController.h */,
				69C8938C1A97C6120060D308 /* LaunchViewController.m */,
				69C8938D1A97C6120060D308 /* LaunchViewController.xib */,
			);
			path = Launch;
			sourceTree = "<group>";
		};
		69C893901A97C8580060D308 /* Libraries */ = {
			isa = PBXGroup;
			children = (
				69C8939B1A97C9280060D308 /* FFCrimsonUnderscore */,
			);
			path = Libraries;
			sourceTree = "<group>";
		};
		69C8939B1A97C9280060D308 /* FFCrimsonUnderscore */ = {
			isa = PBXGroup;
			children = (
				69C893A31A97CEE50060D308 /* FFCrimsonUnderscore.h */,
				69C8939C1A97C9280060D308 /* FFValidationClient.h */,
				69C8939D1A97C9280060D308 /* FFValidationClient.m */,
				69C8939E1A97C9280060D308 /* FFValidationClientDelegate.h */,
				69C8939F1A97C9280060D308 /* UIView+Decorations.h */,
				69C893A01A97C9280060D308 /* UIView+Decorations.m */,
			);
			name = FFCrimsonUnderscore;
			path = ../../../../FFCrimsonUnderscore;
			sourceTree = "<group>";
		};
/* End PBXGroup section */

/* Begin PBXNativeTarget section */
		69C8935F1A97C5DB0060D308 /* FFCrimsonUnderscoreDemo */ = {
			isa = PBXNativeTarget;
			buildConfigurationList = 69C893831A97C5DB0060D308 /* Build configuration list for PBXNativeTarget "FFCrimsonUnderscoreDemo" */;
			buildPhases = (
				69C8935C1A97C5DB0060D308 /* Sources */,
				69C8935D1A97C5DB0060D308 /* Frameworks */,
				69C8935E1A97C5DB0060D308 /* Resources */,
			);
			buildRules = (
			);
			dependencies = (
			);
			name = FFCrimsonUnderscoreDemo;
			productName = "FFCrimsonUnderscore Demo";
			productReference = 69C893601A97C5DB0060D308 /* FFCrimsonUnderscoreDemo.app */;
			productType = "com.apple.product-type.application";
		};
		69C893781A97C5DB0060D308 /* FFCrimsonUnderscoreDemoTests */ = {
			isa = PBXNativeTarget;
			buildConfigurationList = 69C893861A97C5DB0060D308 /* Build configuration list for PBXNativeTarget "FFCrimsonUnderscoreDemoTests" */;
			buildPhases = (
				69C893751A97C5DB0060D308 /* Sources */,
				69C893761A97C5DB0060D308 /* Frameworks */,
				69C893771A97C5DB0060D308 /* Resources */,
			);
			buildRules = (
			);
			dependencies = (
				69C8937B1A97C5DB0060D308 /* PBXTargetDependency */,
			);
			name = FFCrimsonUnderscoreDemoTests;
			productName = "FFCrimsonUnderscore DemoTests";
			productReference = 69C893791A97C5DB0060D308 /* FFCrimsonUnderscoreDemoTests.xctest */;
			productType = "com.apple.product-type.bundle.unit-test";
		};
/* End PBXNativeTarget section */

/* Begin PBXProject section */
		69C893581A97C5DB0060D308 /* Project object */ = {
			isa = PBXProject;
			attributes = {
				LastUpgradeCheck = 0610;
				ORGANIZATIONNAME = FindandForm;
				TargetAttributes = {
					69C8935F1A97C5DB0060D308 = {
						CreatedOnToolsVersion = 6.1.1;
					};
					69C893781A97C5DB0060D308 = {
						CreatedOnToolsVersion = 6.1.1;
						TestTargetID = 69C8935F1A97C5DB0060D308;
					};
				};
			};
			buildConfigurationList = 69C8935B1A97C5DB0060D308 /* Build configuration list for PBXProject "FFCrimsonUnderscoreDemo" */;
			compatibilityVersion = "Xcode 3.2";
			developmentRegion = English;
			hasScannedForEncodings = 0;
			knownRegions = (
				en,
				Base,
			);
			mainGroup = 69C893571A97C5DB0060D308;
			productRefGroup = 69C893611A97C5DB0060D308 /* Products */;
			projectDirPath = "";
			projectRoot = "";
			targets = (
				69C8935F1A97C5DB0060D308 /* FFCrimsonUnderscoreDemo */,
				69C893781A97C5DB0060D308 /* FFCrimsonUnderscoreDemoTests */,
			);
		};
/* End PBXProject section */

/* Begin PBXResourcesBuildPhase section */
		69C8935E1A97C5DB0060D308 /* Resources */ = {
			isa = PBXResourcesBuildPhase;
			buildActionMask = 2147483647;
			files = (
				69C8938F1A97C6120060D308 /* LaunchViewController.xib in Resources */,
				69C893741A97C5DB0060D308 /* LaunchScreen.xib in Resources */,
				69C893711A97C5DB0060D308 /* Images.xcassets in Resources */,
			);
			runOnlyForDeploymentPostprocessing = 0;
		};
		69C893771A97C5DB0060D308 /* Resources */ = {
			isa = PBXResourcesBuildPhase;
			buildActionMask = 2147483647;
			files = (
			);
			runOnlyForDeploymentPostprocessing = 0;
		};
/* End PBXResourcesBuildPhase section */

/* Begin PBXSourcesBuildPhase section */
		69C8935C1A97C5DB0060D308 /* Sources */ = {
			isa = PBXSourcesBuildPhase;
			buildActionMask = 2147483647;
			files = (
				69C893691A97C5DB0060D308 /* AppDelegate.m in Sources */,
				69C893A21A97C9280060D308 /* UIView+Decorations.m in Sources */,
				69C893A11A97C9280060D308 /* FFValidationClient.m in Sources */,
				69C893661A97C5DB0060D308 /* main.m in Sources */,
				69C8938E1A97C6120060D308 /* LaunchViewController.m in Sources */,
			);
			runOnlyForDeploymentPostprocessing = 0;
		};
		69C893751A97C5DB0060D308 /* Sources */ = {
			isa = PBXSourcesBuildPhase;
			buildActionMask = 2147483647;
			files = (
				69C893801A97C5DB0060D308 /* FFCrimsonUnderscore_DemoTests.m in Sources */,
			);
			runOnlyForDeploymentPostprocessing = 0;
		};
/* End PBXSourcesBuildPhase section */

/* Begin PBXTargetDependency section */
		69C8937B1A97C5DB0060D308 /* PBXTargetDependency */ = {
			isa = PBXTargetDependency;
			target = 69C8935F1A97C5DB0060D308 /* FFCrimsonUnderscoreDemo */;
			targetProxy = 69C8937A1A97C5DB0060D308 /* PBXContainerItemProxy */;
		};
/* End PBXTargetDependency section */

/* Begin PBXVariantGroup section */
		69C893721A97C5DB0060D308 /* LaunchScreen.xib */ = {
			isa = PBXVariantGroup;
			children = (
				69C893731A97C5DB0060D308 /* Base */,
			);
			name = LaunchScreen.xib;
			sourceTree = "<group>";
		};
/* End PBXVariantGroup section */

/* Begin XCBuildConfiguration section */
		69C893811A97C5DB0060D308 /* Debug */ = {
			isa = XCBuildConfiguration;
			buildSettings = {
				ALWAYS_SEARCH_USER_PATHS = NO;
				CLANG_CXX_LANGUAGE_STANDARD = "gnu++0x";
				CLANG_CXX_LIBRARY = "libc++";
				CLANG_ENABLE_MODULES = YES;
				CLANG_ENABLE_OBJC_ARC = YES;
				CLANG_WARN_BOOL_CONVERSION = YES;
				CLANG_WARN_CONSTANT_CONVERSION = YES;
				CLANG_WARN_DIRECT_OBJC_ISA_USAGE = YES_ERROR;
				CLANG_WARN_EMPTY_BODY = YES;
				CLANG_WARN_ENUM_CONVERSION = YES;
				CLANG_WARN_INT_CONVERSION = YES;
				CLANG_WARN_OBJC_ROOT_CLASS = YES_ERROR;
				CLANG_WARN_UNREACHABLE_CODE = YES;
				CLANG_WARN__DUPLICATE_METHOD_MATCH = YES;
				"CODE_SIGN_IDENTITY[sdk=iphoneos*]" = "iPhone Developer";
				COPY_PHASE_STRIP = NO;
				ENABLE_STRICT_OBJC_MSGSEND = YES;
				GCC_C_LANGUAGE_STANDARD = gnu99;
				GCC_DYNAMIC_NO_PIC = NO;
				GCC_OPTIMIZATION_LEVEL = 0;
				GCC_PREPROCESSOR_DEFINITIONS = (
					"DEBUG=1",
					"$(inherited)",
				);
				GCC_SYMBOLS_PRIVATE_EXTERN = NO;
				GCC_WARN_64_TO_32_BIT_CONVERSION = YES;
				GCC_WARN_ABOUT_RETURN_TYPE = YES_ERROR;
				GCC_WARN_UNDECLARED_SELECTOR = YES;
				GCC_WARN_UNINITIALIZED_AUTOS = YES_AGGRESSIVE;
				GCC_WARN_UNUSED_FUNCTION = YES;
				GCC_WARN_UNUSED_VARIABLE = YES;
				IPHONEOS_DEPLOYMENT_TARGET = 8.1;
				MTL_ENABLE_DEBUG_INFO = YES;
				ONLY_ACTIVE_ARCH = YES;
				SDKROOT = iphoneos;
				TARGETED_DEVICE_FAMILY = "1,2";
			};
			name = Debug;
		};
		69C893821A97C5DB0060D308 /* Release */ = {
			isa = XCBuildConfiguration;
			buildSettings = {
				ALWAYS_SEARCH_USER_PATHS = NO;
				CLANG_CXX_LANGUAGE_STANDARD = "gnu++0x";
				CLANG_CXX_LIBRARY = "libc++";
				CLANG_ENABLE_MODULES = YES;
				CLANG_ENABLE_OBJC_ARC = YES;
				CLANG_WARN_BOOL_CONVERSION = YES;
				CLANG_WARN_CONSTANT_CONVERSION = YES;
				CLANG_WARN_DIRECT_OBJC_ISA_USAGE = YES_ERROR;
				CLANG_WARN_EMPTY_BODY = YES;
				CLANG_WARN_ENUM_CONVERSION = YES;
				CLANG_WARN_INT_CONVERSION = YES;
				CLANG_WARN_OBJC_ROOT_CLASS = YES_ERROR;
				CLANG_WARN_UNREACHABLE_CODE = YES;
				CLANG_WARN__DUPLICATE_METHOD_MATCH = YES;
				"CODE_SIGN_IDENTITY[sdk=iphoneos*]" = "iPhone Developer";
				COPY_PHASE_STRIP = YES;
				ENABLE_NS_ASSERTIONS = NO;
				ENABLE_STRICT_OBJC_MSGSEND = YES;
				GCC_C_LANGUAGE_STANDARD = gnu99;
				GCC_WARN_64_TO_32_BIT_CONVERSION = YES;
				GCC_WARN_ABOUT_RETURN_TYPE = YES_ERROR;
				GCC_WARN_UNDECLARED_SELECTOR = YES;
				GCC_WARN_UNINITIALIZED_AUTOS = YES_AGGRESSIVE;
				GCC_WARN_UNUSED_FUNCTION = YES;
				GCC_WARN_UNUSED_VARIABLE = YES;
				IPHONEOS_DEPLOYMENT_TARGET = 8.1;
				MTL_ENABLE_DEBUG_INFO = NO;
				SDKROOT = iphoneos;
				TARGETED_DEVICE_FAMILY = "1,2";
				VALIDATE_PRODUCT = YES;
			};
			name = Release;
		};
		69C893841A97C5DB0060D308 /* Debug */ = {
			isa = XCBuildConfiguration;
			buildSettings = {
				ASSETCATALOG_COMPILER_APPICON_NAME = AppIcon;
				INFOPLIST_FILE = "FFCrimsonUnderscore Demo/Info.plist";
				IPHONEOS_DEPLOYMENT_TARGET = 7.0;
				LD_RUNPATH_SEARCH_PATHS = "$(inherited) @executable_path/Frameworks";
				PRODUCT_NAME = FFCrimsonUnderscoreDemo;
			};
			name = Debug;
		};
		69C893851A97C5DB0060D308 /* Release */ = {
			isa = XCBuildConfiguration;
			buildSettings = {
				ASSETCATALOG_COMPILER_APPICON_NAME = AppIcon;
				INFOPLIST_FILE = "FFCrimsonUnderscore Demo/Info.plist";
				IPHONEOS_DEPLOYMENT_TARGET = 7.0;
				LD_RUNPATH_SEARCH_PATHS = "$(inherited) @executable_path/Frameworks";
				PRODUCT_NAME = FFCrimsonUnderscoreDemo;
			};
			name = Release;
		};
		69C893871A97C5DB0060D308 /* Debug */ = {
			isa = XCBuildConfiguration;
			buildSettings = {
				BUNDLE_LOADER = "$(TEST_HOST)";
				FRAMEWORK_SEARCH_PATHS = (
					"$(SDKROOT)/Developer/Library/Frameworks",
					"$(inherited)",
				);
				GCC_PREPROCESSOR_DEFINITIONS = (
					"DEBUG=1",
					"$(inherited)",
				);
				INFOPLIST_FILE = "FFCrimsonUnderscore DemoTests/Info.plist";
				LD_RUNPATH_SEARCH_PATHS = "$(inherited) @executable_path/Frameworks @loader_path/Frameworks";
				PRODUCT_NAME = FFCrimsonUnderscoreDemoTests;
				TEST_HOST = "$(BUILT_PRODUCTS_DIR)/FFCrimsonUnderscore Demo.app/FFCrimsonUnderscore Demo";
			};
			name = Debug;
		};
		69C893881A97C5DB0060D308 /* Release */ = {
			isa = XCBuildConfiguration;
			buildSettings = {
				BUNDLE_LOADER = "$(TEST_HOST)";
				FRAMEWORK_SEARCH_PATHS = (
					"$(SDKROOT)/Developer/Library/Frameworks",
					"$(inherited)",
				);
				INFOPLIST_FILE = "FFCrimsonUnderscore DemoTests/Info.plist";
				LD_RUNPATH_SEARCH_PATHS = "$(inherited) @executable_path/Frameworks @loader_path/Frameworks";
				PRODUCT_NAME = FFCrimsonUnderscoreDemoTests;
				TEST_HOST = "$(BUILT_PRODUCTS_DIR)/FFCrimsonUnderscore Demo.app/FFCrimsonUnderscore Demo";
			};
			name = Release;
		};
/* End XCBuildConfiguration section */

/* Begin XCConfigurationList section */
		69C8935B1A97C5DB0060D308 /* Build configuration list for PBXProject "FFCrimsonUnderscoreDemo" */ = {
			isa = XCConfigurationList;
			buildConfigurations = (
				69C893811A97C5DB0060D308 /* Debug */,
				69C893821A97C5DB0060D308 /* Release */,
			);
			defaultConfigurationIsVisible = 0;
			defaultConfigurationName = Release;
		};
		69C893831A97C5DB0060D308 /* Build configuration list for PBXNativeTarget "FFCrimsonUnderscoreDemo" */ = {
			isa = XCConfigurationList;
			buildConfigurations = (
				69C893841A97C5DB0060D308 /* Debug */,
				69C893851A97C5DB0060D308 /* Release */,
			);
			defaultConfigurationIsVisible = 0;
			defaultConfigurationName = Release;
		};
		69C893861A97C5DB0060D308 /* Build configuration list for PBXNativeTarget "FFCrimsonUnderscoreDemoTests" */ = {
			isa = XCConfigurationList;
			buildConfigurations = (
				69C893871A97C5DB0060D308 /* Debug */,
				69C893881A97C5DB0060D308 /* Release */,
			);
			defaultConfigurationIsVisible = 0;
			defaultConfigurationName = Release;
		};
/* End XCConfigurationList section */
	};
	rootObject = 69C893581A97C5DB0060D308 /* Project object */;
}
